
Microsoft Visual Studio Solution File, Format Version 12.00
# Visual Studio 14
VisualStudioVersion = 14.0.25420.1
MinimumVisualStudioVersion = 10.0.40219.1
Project("{8BC9CEB8-8B4A-11D0-8D11-00A0C91BC942}") = "MixHit", "MixHit\MixHit.vcxproj", "{A4E36A35-CAF1-4DDF-9E38-2EC0C59C791D}"
EndProject
Global
	GlobalSection(SolutionConfigurationPlatforms) = preSolution
		Debug|Win32 = Debug|Win32
		Release|Win32 = Release|Win32
	EndGlobalSection
	GlobalSection(ProjectConfigurationPlatforms) = postSolution
		{A4E36A35-CAF1-4DDF-9E38-2EC0C59C791D}.Debug|Win32.ActiveCfg = Debug|Win32
		{A4E36A35-CAF1-4DDF-9E38-2EC0C59C791D}.Debug|Win32.Build.0 = Debug|Win32
		{A4E36A35-CAF1-4DDF-9E38-2EC0C59C791D}.Release|Win32.ActiveCfg = Release|Win32
		{A4E36A35-CAF1-4DDF-9E38-2EC0C59C791D}.Release|Win32.Build.0 = Release|Win32
	EndGlobalSection
	GlobalSection(SolutionProperties) = preSolution
		HideSolutionNode = FALSE
	EndGlobalSection
EndGlobal
