<?xml version="1.0" encoding="utf-8"?>
<Project ToolsVersion="4.0" xmlns="http://schemas.microsoft.com/developer/msbuild/2003">
  <ItemGroup>
    <Filter Include="Source Files">
      <UniqueIdentifier>{4FC737F1-C7A5-4376-A066-2A32D752A2FF}</UniqueIdentifier>
      <Extensions>cpp;c;cc;cxx;def;odl;idl;hpj;bat;asm;asmx</Extensions>
    </Filter>
    <Filter Include="Header Files">
      <UniqueIdentifier>{93995380-89BD-4b04-88EB-625FBE52EBFB}</UniqueIdentifier>
      <Extensions>h;hh;hpp;hxx;hm;inl;inc;xsd</Extensions>
    </Filter>
    <Filter Include="Resource Files">
      <UniqueIdentifier>{67DA6AB6-F800-4c08-8B7A-83BB121AAD01}</UniqueIdentifier>
      <Extensions>rc;ico;cur;bmp;dlg;rc2;rct;bin;rgs;gif;jpg;jpeg;jpe;resx;tiff;tif;png;wav;mfcribbon-ms</Extensions>
    </Filter>
  </ItemGroup>
  <ItemGroup>
    <None Include="MixHit.ino" />
  </ItemGroup>
  <ItemGroup>
    <ClInclude Include="__vm\.MixHit.vsarduino.h">
      <Filter>Header Files</Filter>
    </ClInclude>
    <ClInclude Include="cCocktail.h">
      <Filter>Header Files</Filter>
    </ClInclude>
    <ClInclude Include="cCocktailList.h">
      <Filter>Header Files</Filter>
    </ClInclude>
    <ClInclude Include="cCocktailMixer.h">
      <Filter>Header Files</Filter>
    </ClInclude>
    <ClInclude Include="cGlass.h">
      <Filter>Header Files</Filter>
    </ClInclude>
    <ClInclude Include="cGlasses.h">
      <Filter>Header Files</Filter>
    </ClInclude>
    <ClInclude Include="cIngredient.h">
      <Filter>Header Files</Filter>
    </ClInclude>
    <ClInclude Include="cMagnetSensor.h">
      <Filter>Header Files</Filter>
    </ClInclude>
    <ClInclude Include="cMenue.h">
      <Filter>Header Files</Filter>
    </ClInclude>
    <ClInclude Include="cMenueItem.h">
      <Filter>Header Files</Filter>
    </ClInclude>
    <ClInclude Include="cMotor.h">
      <Filter>Header Files</Filter>
    </ClInclude>
    <ClInclude Include="cOLED.h">
      <Filter>Header Files</Filter>
    </ClInclude>
    <ClInclude Include="Configuration.h">
      <Filter>Header Files</Filter>
    </ClInclude>
    <ClInclude Include="cOrder.h">
      <Filter>Header Files</Filter>
    </ClInclude>
    <ClInclude Include="cQueueOfOrders.h">
      <Filter>Header Files</Filter>
    </ClInclude>
    <ClInclude Include="cReservoir.h">
      <Filter>Header Files</Filter>
    </ClInclude>
    <ClInclude Include="cRotateTable.h">
      <Filter>Header Files</Filter>
    </ClInclude>
    <ClInclude Include="cScale.h">
      <Filter>Header Files</Filter>
    </ClInclude>
    <ClInclude Include="cValveControl.h">
      <Filter>Header Files</Filter>
    </ClInclude>
    <ClInclude Include="I2C.h">
      <Filter>Header Files</Filter>
    </ClInclude>
    <ClInclude Include="Main_CocktailMixer.h">
      <Filter>Header Files</Filter>
    </ClInclude>
    <ClInclude Include="Main_WebServer.h">
      <Filter>Header Files</Filter>
    </ClInclude>
    <ClInclude Include="MyMath.h">
      <Filter>Header Files</Filter>
    </ClInclude>
    <ClInclude Include="FileOperations.h">
      <Filter>Header Files</Filter>
    </ClInclude>
    <ClInclude Include="MyString.h">
      <Filter>Header Files</Filter>
    </ClInclude>
    <ClInclude Include="MyMutex.h">
      <Filter>Header Files</Filter>
    </ClInclude>
    <ClInclude Include="MyHtml.h">
      <Filter>Header Files</Filter>
    </ClInclude>
    <ClInclude Include="cServoMotor.h">
      <Filter>Header Files</Filter>
    </ClInclude>
    <ClInclude Include="Environment.h">
      <Filter>Header Files</Filter>
    </ClInclude>
  </ItemGroup>
  <ItemGroup>
    <ClCompile Include="cCocktail.cpp">
      <Filter>Source Files</Filter>
    </ClCompile>
    <ClCompile Include="cCocktailList.cpp">
      <Filter>Source Files</Filter>
    </ClCompile>
    <ClCompile Include="cCocktailMixer.cpp">
      <Filter>Source Files</Filter>
    </ClCompile>
    <ClCompile Include="cGlass.cpp">
      <Filter>Source Files</Filter>
    </ClCompile>
    <ClCompile Include="cGlasses.cpp">
      <Filter>Source Files</Filter>
    </ClCompile>
    <ClCompile Include="cIngredient.cpp">
      <Filter>Source Files</Filter>
    </ClCompile>
    <ClCompile Include="cMagnetSensor.cpp">
      <Filter>Source Files</Filter>
    </ClCompile>
    <ClCompile Include="cMenue.cpp">
      <Filter>Source Files</Filter>
    </ClCompile>
    <ClCompile Include="cMenueItem.cpp">
      <Filter>Source Files</Filter>
    </ClCompile>
    <ClCompile Include="cMotor.cpp">
      <Filter>Source Files</Filter>
    </ClCompile>
    <ClCompile Include="cOLED.cpp">
      <Filter>Source Files</Filter>
    </ClCompile>
    <ClCompile Include="Configuration.cpp">
      <Filter>Source Files</Filter>
    </ClCompile>
    <ClCompile Include="cOrder.cpp">
      <Filter>Source Files</Filter>
    </ClCompile>
    <ClCompile Include="cQueueOfOrders.cpp">
      <Filter>Source Files</Filter>
    </ClCompile>
    <ClCompile Include="cReservoir.cpp">
      <Filter>Source Files</Filter>
    </ClCompile>
    <ClCompile Include="cRotateTable.cpp">
      <Filter>Source Files</Filter>
    </ClCompile>
    <ClCompile Include="cScale.cpp">
      <Filter>Source Files</Filter>
    </ClCompile>
    <ClCompile Include="cValveControl.cpp">
      <Filter>Source Files</Filter>
    </ClCompile>
    <ClCompile Include="I2C.cpp">
      <Filter>Source Files</Filter>
    </ClCompile>
    <ClCompile Include="Main_CocktailMixer.cpp">
      <Filter>Source Files</Filter>
    </ClCompile>
    <ClCompile Include="MyMath.cpp">
      <Filter>Source Files</Filter>
    </ClCompile>
    <ClCompile Include="FileOperations.cpp">
      <Filter>Source Files</Filter>
    </ClCompile>
    <ClCompile Include="MyString.cpp">
      <Filter>Source Files</Filter>
    </ClCompile>
    <ClCompile Include="MyMutex.cpp">
      <Filter>Source Files</Filter>
    </ClCompile>
    <ClCompile Include="Main_WebServer.cpp">
      <Filter>Source Files</Filter>
    </ClCompile>
    <ClCompile Include="MyHtml.cpp">
      <Filter>Source Files</Filter>
    </ClCompile>
    <ClCompile Include="cServoMotor.cpp">
      <Filter>Source Files</Filter>
    </ClCompile>
  </ItemGroup>
</Project>